{
  "name": "@zs-/js-on",
  "version": "0.0.1",
  "lockfileVersion": 2,
  "requires": true,
  "packages": {
    "": {
      "name": "@zs-/js-on",
      "version": "0.0.1",
      "license": "MIT",
      "devDependencies": {
        "@0bdx/build-helpers": "^0.0.4",
        "rollup": "^3.25.0"
      },
      "engines": {
        "node": ">= 14.0.0"
      }
    },
    "node_modules/@0bdx/build-helpers": {
      "version": "0.0.4",
      "resolved": "https://registry.npmjs.org/@0bdx/build-helpers/-/build-helpers-0.0.4.tgz",
      "integrity": "sha512-Uro0Mpdhhwi9bAYuPP/SAPnbB/y0le4xwYcEJiBvOlaetiEyGoLeGNROobUYTpx/8qmIQDCszBU65k8vCqepnA==",
      "dev": true,
      "engines": {
        "node": ">= 14.0.0"
      }
    },
    "node_modules/fsevents": {
      "version": "2.3.2",
      "resolved": "https://registry.npmjs.org/fsevents/-/fsevents-2.3.2.tgz",
      "integrity": "sha512-xiqMQR4xAeHTuB9uWm+fFRcIOgKBMiOBP+eXiyT7jsgVCq1bkVygt00oASowB7EdtpOHaaPgKt812P9ab+DDKA==",
      "dev": true,
      "hasInstallScript": true,
      "optional": true,
      "os": [
        "darwin"
      ],
      "engines": {
        "node": "^8.16.0 || ^10.6.0 || >=11.0.0"
      }
    },
    "node_modules/rollup": {
      "version": "3.25.0",
      "resolved": "https://registry.npmjs.org/rollup/-/rollup-3.25.0.tgz",
      "integrity": "sha512-FnJkNRst2jEZGw7f+v4hFo6UTzpDKrAKcHZWcEfm5/GJQ5CK7wgb4moNLNAe7npKUev7yQn1AY/YbZRIxOv6Qg==",
      "dev": true,
      "bin": {
        "rollup": "dist/bin/rollup"
      },
      "engines": {
        "node": ">=14.18.0",
        "npm": ">=8.0.0"
      },
      "optionalDependencies": {
        "fsevents": "~2.3.2"
      }
    }
  },
  "dependencies": {
    "@0bdx/build-helpers": {
      "version": "0.0.4",
      "resolved": "https://registry.npmjs.org/@0bdx/build-helpers/-/build-helpers-0.0.4.tgz",
      "integrity": "sha512-Uro0Mpdhhwi9bAYuPP/SAPnbB/y0le4xwYcEJiBvOlaetiEyGoLeGNROobUYTpx/8qmIQDCszBU65k8vCqepnA==",
      "dev": true
    },
    "fsevents": {
      "version": "2.3.2",
      "resolved": "https://registry.npmjs.org/fsevents/-/fsevents-2.3.2.tgz",
      "integrity": "sha512-xiqMQR4xAeHTuB9uWm+fFRcIOgKBMiOBP+eXiyT7jsgVCq1bkVygt00oASowB7EdtpOHaaPgKt812P9ab+DDKA==",
      "dev": true,
      "optional": true
    },
    "rollup": {
      "version": "3.25.0",
      "resolved": "https://registry.npmjs.org/rollup/-/rollup-3.25.0.tgz",
      "integrity": "sha512-FnJkNRst2jEZGw7f+v4hFo6UTzpDKrAKcHZWcEfm5/GJQ5CK7wgb4moNLNAe7npKUev7yQn1AY/YbZRIxOv6Qg==",
      "dev": true,
      "requires": {
        "fsevents": "~2.3.2"
      }
    }
  }
}
